// !$*UTF8*$!
{
	archiveVersion = 1;
	classes = {
	};
	objectVersion = 46;
	objects = {

/* Begin PBXBuildFile section */
		3D0C98611D741BF9001C44A1 /* main.c in Sources */ = {isa = PBXBuildFile; fileRef = 3D0C98601D741BF9001C44A1 /* main.c */; };
		3D0C98691D741C12001C44A1 /* double_list.c in Sources */ = {isa = PBXBuildFile; fileRef = 3D0C98671D741C12001C44A1 /* double_list.c */; };
/* End PBXBuildFile section */

/* Begin PBXCopyFilesBuildPhase section */
		3D0C985B1D741BF9001C44A1 /* CopyFiles */ = {
			isa = PBXCopyFilesBuildPhase;
			buildActionMask = 2147483647;
			dstPath = /usr/share/man/man1/;
			dstSubfolderSpec = 0;
			files = (
			);
			runOnlyForDeploymentPostprocessing = 1;
		};
/* End PBXCopyFilesBuildPhase section */

/* Begin PBXFileReference section */
		3D0C985D1D741BF9001C44A1 /* doublelist */ = {isa = PBXFileReference; explicitFileType = "compiled.mach-o.executable"; includeInIndex = 0; path = doublelist; sourceTree = BUILT_PRODUCTS_DIR; };
		3D0C98601D741BF9001C44A1 /* main.c */ = {isa = PBXFileReference; lastKnownFileType = sourcecode.c.c; path = main.c; sourceTree = "<group>"; };
		3D0C98671D741C12001C44A1 /* double_list.c */ = {isa = PBXFileReference; fileEncoding = 4; lastKnownFileType = sourcecode.c.c; path = double_list.c; sourceTree = "<group>"; };
		3D0C98681D741C12001C44A1 /* double_list.h */ = {isa = PBXFileReference; fileEncoding = 4; lastKnownFileType = sourcecode.c.h; path = double_list.h; sourceTree = "<group>"; };
/* End PBXFileReference section */

/* Begin PBXFrameworksBuildPhase section */
		3D0C985A1D741BF9001C44A1 /* Frameworks */ = {
			isa = PBXFrameworksBuildPhase;
			buildActionMask = 2147483647;
			files = (
			);
			runOnlyForDeploymentPostprocessing = 0;
		};
/* End PBXFrameworksBuildPhase section */

/* Begin PBXGroup section */
		3D0C98541D741BF9001C44A1 = {
			isa = PBXGroup;
			children = (
				3D0C985F1D741BF9001C44A1 /* doublelist */,
				3D0C985E1D741BF9001C44A1 /* Products */,
			);
			sourceTree = "<group>";
		};
		3D0C985E1D741BF9001C44A1 /* Products */ = {
			isa = PBXGroup;
			children = (
				3D0C985D1D741BF9001C44A1 /* doublelist */,
			);
			name = Products;
			sourceTree = "<group>";
		};
		3D0C985F1D741BF9001C44A1 /* doublelist */ = {
			isa = PBXGroup;
			children = (
				3D0C98601D741BF9001C44A1 /* main.c */,
				3D0C98681D741C12001C44A1 /* double_list.h */,
				3D0C98671D741C12001C44A1 /* double_list.c */,
			);
			path = doublelist;
			sourceTree = "<group>";
		};
/* End PBXGroup section */

/* Begin PBXNativeTarget section */
		3D0C985C1D741BF9001C44A1 /* doublelist */ = {
			isa = PBXNativeTarget;
			buildConfigurationList = 3D0C98641D741BF9001C44A1 /* Build configuration list for PBXNativeTarget "doublelist" */;
			buildPhases = (
				3D0C98591D741BF9001C44A1 /* Sources */,
				3D0C985A1D741BF9001C44A1 /* Frameworks */,
				3D0C985B1D741BF9001C44A1 /* CopyFiles */,
			);
			buildRules = (
			);
			dependencies = (
			);
			name = doublelist;
			productName = doublelist;
			productReference = 3D0C985D1D741BF9001C44A1 /* doublelist */;
			productType = "com.apple.product-type.tool";
		};
/* End PBXNativeTarget section */

/* Begin PBXProject section */
		3D0C98551D741BF9001C44A1 /* Project object */ = {
			isa = PBXProject;
			attributes = {
				LastUpgradeCheck = 0640;
				ORGANIZATIONNAME = bikang;
				TargetAttributes = {
					3D0C985C1D741BF9001C44A1 = {
						CreatedOnToolsVersion = 6.4;
					};
				};
			};
			buildConfigurationList = 3D0C98581D741BF9001C44A1 /* Build configuration list for PBXProject "doublelist" */;
			compatibilityVersion = "Xcode 3.2";
			developmentRegion = English;
			hasScannedForEncodings = 0;
			knownRegions = (
				en,
			);
			mainGroup = 3D0C98541D741BF9001C44A1;
			productRefGroup = 3D0C985E1D741BF9001C44A1 /* Products */;
			projectDirPath = "";
			projectRoot = "";
			targets = (
				3D0C985C1D741BF9001C44A1 /* doublelist */,
			);
		};
/* End PBXProject section */

/* Begin PBXSourcesBuildPhase section */
		3D0C98591D741BF9001C44A1 /* Sources */ = {
			isa = PBXSourcesBuildPhase;
			buildActionMask = 2147483647;
			files = (
				3D0C98691D741C12001C44A1 /* double_list.c in Sources */,
				3D0C98611D741BF9001C44A1 /* main.c in Sources */,
			);
			runOnlyForDeploymentPostprocessing = 0;
		};
/* End PBXSourcesBuildPhase section */

/* Begin XCBuildConfiguration section */
		3D0C98621D741BF9001C44A1 /* Debug */ = {
			isa = XCBuildConfiguration;
			buildSettings = {
				ALWAYS_SEARCH_USER_PATHS = NO;
				CLANG_CXX_LANGUAGE_STANDARD = "gnu++0x";
				CLANG_CXX_LIBRARY = "libc++";
				CLANG_ENABLE_MODULES = YES;
				CLANG_ENABLE_OBJC_ARC = YES;
				CLANG_WARN_BOOL_CONVERSION = YES;
				CLANG_WARN_CONSTANT_CONVERSION = YES;
				CLANG_WARN_DIRECT_OBJC_ISA_USAGE = YES_ERROR;
				CLANG_WARN_EMPTY_BODY = YES;
				CLANG_WARN_ENUM_CONVERSION = YES;
				CLANG_WARN_INT_CONVERSION = YES;
				CLANG_WARN_OBJC_ROOT_CLASS = YES_ERROR;
				CLANG_WARN_UNREACHABLE_CODE = YES;
				CLANG_WARN__DUPLICATE_METHOD_MATCH = YES;
				COPY_PHASE_STRIP = NO;
				DEBUG_INFORMATION_FORMAT = dwarf;
				ENABLE_STRICT_OBJC_MSGSEND = YES;
				GCC_C_LANGUAGE_STANDARD = gnu99;
				GCC_DYNAMIC_NO_PIC = NO;
				GCC_NO_COMMON_BLOCKS = YES;
				GCC_OPTIMIZATION_LEVEL = 0;
				GCC_PREPROCESSOR_DEFINITIONS = (
					"DEBUG=1",
					"$(inherited)",
				);
				GCC_SYMBOLS_PRIVATE_EXTERN = NO;
				GCC_WARN_64_TO_32_BIT_CONVERSION = YES;
				GCC_WARN_ABOUT_RETURN_TYPE = YES_ERROR;
				GCC_WARN_UNDECLARED_SELECTOR = YES;
				GCC_WARN_UNINITIALIZED_AUTOS = YES_AGGRESSIVE;
				GCC_WARN_UNUSED_FUNCTION = YES;
				GCC_WARN_UNUSED_VARIABLE = YES;
				MACOSX_DEPLOYMENT_TARGET = 10.10;
				MTL_ENABLE_DEBUG_INFO = YES;
				ONLY_ACTIVE_ARCH = YES;
				SDKROOT = macosx;
			};
			name = Debug;
		};
		3D0C98631D741BF9001C44A1 /* Release */ = {
			isa = XCBuildConfiguration;
			buildSettings = {
				ALWAYS_SEARCH_USER_PATHS = NO;
				CLANG_CXX_LANGUAGE_STANDARD = "gnu++0x";
				CLANG_CXX_LIBRARY = "libc++";
				CLANG_ENABLE_MODULES = YES;
				CLANG_ENABLE_OBJC_ARC = YES;
				CLANG_WARN_BOOL_CONVERSION = YES;
				CLANG_WARN_CONSTANT_CONVERSION = YES;
				CLANG_WARN_DIRECT_OBJC_ISA_USAGE = YES_ERROR;
				CLANG_WARN_EMPTY_BODY = YES;
				CLANG_WARN_ENUM_CONVERSION = YES;
				CLANG_WARN_INT_CONVERSION = YES;
				CLANG_WARN_OBJC_ROOT_CLASS = YES_ERROR;
				CLANG_WARN_UNREACHABLE_CODE = YES;
				CLANG_WARN__DUPLICATE_METHOD_MATCH = YES;
				COPY_PHASE_STRIP = NO;
				DEBUG_INFORMATION_FORMAT = "dwarf-with-dsym";
				ENABLE_NS_ASSERTIONS = NO;
				ENABLE_STRICT_OBJC_MSGSEND = YES;
				GCC_C_LANGUAGE_STANDARD = gnu99;
				GCC_NO_COMMON_BLOCKS = YES;
				GCC_WARN_64_TO_32_BIT_CONVERSION = YES;
				GCC_WARN_ABOUT_RETURN_TYPE = YES_ERROR;
				GCC_WARN_UNDECLARED_SELECTOR = YES;
				GCC_WARN_UNINITIALIZED_AUTOS = YES_AGGRESSIVE;
				GCC_WARN_UNUSED_FUNCTION = YES;
				GCC_WARN_UNUSED_VARIABLE = YES;
				MACOSX_DEPLOYMENT_TARGET = 10.10;
				MTL_ENABLE_DEBUG_INFO = NO;
				SDKROOT = macosx;
			};
			name = Release;
		};
		3D0C98651D741BF9001C44A1 /* Debug */ = {
			isa = XCBuildConfiguration;
			buildSettings = {
				PRODUCT_NAME = "$(TARGET_NAME)";
			};
			name = Debug;
		};
		3D0C98661D741BF9001C44A1 /* Release */ = {
			isa = XCBuildConfiguration;
			buildSettings = {
				PRODUCT_NAME = "$(TARGET_NAME)";
			};
			name = Release;
		};
/* End XCBuildConfiguration section */

/* Begin XCConfigurationList section */
		3D0C98581D741BF9001C44A1 /* Build configuration list for PBXProject "doublelist" */ = {
			isa = XCConfigurationList;
			buildConfigurations = (
				3D0C98621D741BF9001C44A1 /* Debug */,
				3D0C98631D741BF9001C44A1 /* Release */,
			);
			defaultConfigurationIsVisible = 0;
			defaultConfigurationName = Release;
		};
		3D0C98641D741BF9001C44A1 /* Build configuration list for PBXNativeTarget "doublelist" */ = {
			isa = XCConfigurationList;
			buildConfigurations = (
				3D0C98651D741BF9001C44A1 /* Debug */,
				3D0C98661D741BF9001C44A1 /* Release */,
			);
			defaultConfigurationIsVisible = 0;
			defaultConfigurationName = Release;
		};
/* End XCConfigurationList section */
	};
	rootObject = 3D0C98551D741BF9001C44A1 /* Project object */;
}
