// !$*UTF8*$!
{
	archiveVersion = 1;
	classes = {
	};
	objectVersion = 46;
	objects = {

/* Begin PBXBuildFile section */
		3D32DBC01D867E4A00FAC82C /* main.c in Sources */ = {isa = PBXBuildFile; fileRef = 3D32DBBF1D867E4A00FAC82C /* main.c */; };
		3D32DBC81D867E6300FAC82C /* clist.c in Sources */ = {isa = PBXBuildFile; fileRef = 3D32DBC61D867E6300FAC82C /* clist.c */; };
		3D32DBCB1D867EB400FAC82C /* cycle_queue.c in Sources */ = {isa = PBXBuildFile; fileRef = 3D32DBC91D867EB400FAC82C /* cycle_queue.c */; };
/* End PBXBuildFile section */

/* Begin PBXCopyFilesBuildPhase section */
		3D32DBBA1D867E4A00FAC82C /* CopyFiles */ = {
			isa = PBXCopyFilesBuildPhase;
			buildActionMask = 2147483647;
			dstPath = /usr/share/man/man1/;
			dstSubfolderSpec = 0;
			files = (
			);
			runOnlyForDeploymentPostprocessing = 1;
		};
/* End PBXCopyFilesBuildPhase section */

/* Begin PBXFileReference section */
		3D32DBBC1D867E4A00FAC82C /* cycle_queue */ = {isa = PBXFileReference; explicitFileType = "compiled.mach-o.executable"; includeInIndex = 0; path = cycle_queue; sourceTree = BUILT_PRODUCTS_DIR; };
		3D32DBBF1D867E4A00FAC82C /* main.c */ = {isa = PBXFileReference; lastKnownFileType = sourcecode.c.c; path = main.c; sourceTree = "<group>"; };
		3D32DBC61D867E6300FAC82C /* clist.c */ = {isa = PBXFileReference; fileEncoding = 4; lastKnownFileType = sourcecode.c.c; path = clist.c; sourceTree = "<group>"; };
		3D32DBC71D867E6300FAC82C /* clist.h */ = {isa = PBXFileReference; fileEncoding = 4; lastKnownFileType = sourcecode.c.h; path = clist.h; sourceTree = "<group>"; };
		3D32DBC91D867EB400FAC82C /* cycle_queue.c */ = {isa = PBXFileReference; fileEncoding = 4; lastKnownFileType = sourcecode.c.c; path = cycle_queue.c; sourceTree = "<group>"; };
		3D32DBCA1D867EB400FAC82C /* cycle_queue.h */ = {isa = PBXFileReference; fileEncoding = 4; lastKnownFileType = sourcecode.c.h; path = cycle_queue.h; sourceTree = "<group>"; };
/* End PBXFileReference section */

/* Begin PBXFrameworksBuildPhase section */
		3D32DBB91D867E4A00FAC82C /* Frameworks */ = {
			isa = PBXFrameworksBuildPhase;
			buildActionMask = 2147483647;
			files = (
			);
			runOnlyForDeploymentPostprocessing = 0;
		};
/* End PBXFrameworksBuildPhase section */

/* Begin PBXGroup section */
		3D32DBB31D867E4A00FAC82C = {
			isa = PBXGroup;
			children = (
				3D32DBBE1D867E4A00FAC82C /* cycle_queue */,
				3D32DBBD1D867E4A00FAC82C /* Products */,
			);
			sourceTree = "<group>";
		};
		3D32DBBD1D867E4A00FAC82C /* Products */ = {
			isa = PBXGroup;
			children = (
				3D32DBBC1D867E4A00FAC82C /* cycle_queue */,
			);
			name = Products;
			sourceTree = "<group>";
		};
		3D32DBBE1D867E4A00FAC82C /* cycle_queue */ = {
			isa = PBXGroup;
			children = (
				3D32DBBF1D867E4A00FAC82C /* main.c */,
				3D32DBC61D867E6300FAC82C /* clist.c */,
				3D32DBC71D867E6300FAC82C /* clist.h */,
				3D32DBCA1D867EB400FAC82C /* cycle_queue.h */,
				3D32DBC91D867EB400FAC82C /* cycle_queue.c */,
			);
			path = cycle_queue;
			sourceTree = "<group>";
		};
/* End PBXGroup section */

/* Begin PBXNativeTarget section */
		3D32DBBB1D867E4A00FAC82C /* cycle_queue */ = {
			isa = PBXNativeTarget;
			buildConfigurationList = 3D32DBC31D867E4A00FAC82C /* Build configuration list for PBXNativeTarget "cycle_queue" */;
			buildPhases = (
				3D32DBB81D867E4A00FAC82C /* Sources */,
				3D32DBB91D867E4A00FAC82C /* Frameworks */,
				3D32DBBA1D867E4A00FAC82C /* CopyFiles */,
			);
			buildRules = (
			);
			dependencies = (
			);
			name = cycle_queue;
			productName = cycle_queue;
			productReference = 3D32DBBC1D867E4A00FAC82C /* cycle_queue */;
			productType = "com.apple.product-type.tool";
		};
/* End PBXNativeTarget section */

/* Begin PBXProject section */
		3D32DBB41D867E4A00FAC82C /* Project object */ = {
			isa = PBXProject;
			attributes = {
				LastUpgradeCheck = 0640;
				ORGANIZATIONNAME = bikang;
				TargetAttributes = {
					3D32DBBB1D867E4A00FAC82C = {
						CreatedOnToolsVersion = 6.4;
					};
				};
			};
			buildConfigurationList = 3D32DBB71D867E4A00FAC82C /* Build configuration list for PBXProject "cycle_queue" */;
			compatibilityVersion = "Xcode 3.2";
			developmentRegion = English;
			hasScannedForEncodings = 0;
			knownRegions = (
				en,
			);
			mainGroup = 3D32DBB31D867E4A00FAC82C;
			productRefGroup = 3D32DBBD1D867E4A00FAC82C /* Products */;
			projectDirPath = "";
			projectRoot = "";
			targets = (
				3D32DBBB1D867E4A00FAC82C /* cycle_queue */,
			);
		};
/* End PBXProject section */

/* Begin PBXSourcesBuildPhase section */
		3D32DBB81D867E4A00FAC82C /* Sources */ = {
			isa = PBXSourcesBuildPhase;
			buildActionMask = 2147483647;
			files = (
				3D32DBCB1D867EB400FAC82C /* cycle_queue.c in Sources */,
				3D32DBC01D867E4A00FAC82C /* main.c in Sources */,
				3D32DBC81D867E6300FAC82C /* clist.c in Sources */,
			);
			runOnlyForDeploymentPostprocessing = 0;
		};
/* End PBXSourcesBuildPhase section */

/* Begin XCBuildConfiguration section */
		3D32DBC11D867E4A00FAC82C /* Debug */ = {
			isa = XCBuildConfiguration;
			buildSettings = {
				ALWAYS_SEARCH_USER_PATHS = NO;
				CLANG_CXX_LANGUAGE_STANDARD = "gnu++0x";
				CLANG_CXX_LIBRARY = "libc++";
				CLANG_ENABLE_MODULES = YES;
				CLANG_ENABLE_OBJC_ARC = YES;
				CLANG_WARN_BOOL_CONVERSION = YES;
				CLANG_WARN_CONSTANT_CONVERSION = YES;
				CLANG_WARN_DIRECT_OBJC_ISA_USAGE = YES_ERROR;
				CLANG_WARN_EMPTY_BODY = YES;
				CLANG_WARN_ENUM_CONVERSION = YES;
				CLANG_WARN_INT_CONVERSION = YES;
				CLANG_WARN_OBJC_ROOT_CLASS = YES_ERROR;
				CLANG_WARN_UNREACHABLE_CODE = YES;
				CLANG_WARN__DUPLICATE_METHOD_MATCH = YES;
				COPY_PHASE_STRIP = NO;
				DEBUG_INFORMATION_FORMAT = dwarf;
				ENABLE_STRICT_OBJC_MSGSEND = YES;
				GCC_C_LANGUAGE_STANDARD = gnu99;
				GCC_DYNAMIC_NO_PIC = NO;
				GCC_NO_COMMON_BLOCKS = YES;
				GCC_OPTIMIZATION_LEVEL = 0;
				GCC_PREPROCESSOR_DEFINITIONS = (
					"DEBUG=1",
					"$(inherited)",
				);
				GCC_SYMBOLS_PRIVATE_EXTERN = NO;
				GCC_WARN_64_TO_32_BIT_CONVERSION = YES;
				GCC_WARN_ABOUT_RETURN_TYPE = YES_ERROR;
				GCC_WARN_UNDECLARED_SELECTOR = YES;
				GCC_WARN_UNINITIALIZED_AUTOS = YES_AGGRESSIVE;
				GCC_WARN_UNUSED_FUNCTION = YES;
				GCC_WARN_UNUSED_VARIABLE = YES;
				MACOSX_DEPLOYMENT_TARGET = 10.10;
				MTL_ENABLE_DEBUG_INFO = YES;
				ONLY_ACTIVE_ARCH = YES;
				SDKROOT = macosx;
			};
			name = Debug;
		};
		3D32DBC21D867E4A00FAC82C /* Release */ = {
			isa = XCBuildConfiguration;
			buildSettings = {
				ALWAYS_SEARCH_USER_PATHS = NO;
				CLANG_CXX_LANGUAGE_STANDARD = "gnu++0x";
				CLANG_CXX_LIBRARY = "libc++";
				CLANG_ENABLE_MODULES = YES;
				CLANG_ENABLE_OBJC_ARC = YES;
				CLANG_WARN_BOOL_CONVERSION = YES;
				CLANG_WARN_CONSTANT_CONVERSION = YES;
				CLANG_WARN_DIRECT_OBJC_ISA_USAGE = YES_ERROR;
				CLANG_WARN_EMPTY_BODY = YES;
				CLANG_WARN_ENUM_CONVERSION = YES;
				CLANG_WARN_INT_CONVERSION = YES;
				CLANG_WARN_OBJC_ROOT_CLASS = YES_ERROR;
				CLANG_WARN_UNREACHABLE_CODE = YES;
				CLANG_WARN__DUPLICATE_METHOD_MATCH = YES;
				COPY_PHASE_STRIP = NO;
				DEBUG_INFORMATION_FORMAT = "dwarf-with-dsym";
				ENABLE_NS_ASSERTIONS = NO;
				ENABLE_STRICT_OBJC_MSGSEND = YES;
				GCC_C_LANGUAGE_STANDARD = gnu99;
				GCC_NO_COMMON_BLOCKS = YES;
				GCC_WARN_64_TO_32_BIT_CONVERSION = YES;
				GCC_WARN_ABOUT_RETURN_TYPE = YES_ERROR;
				GCC_WARN_UNDECLARED_SELECTOR = YES;
				GCC_WARN_UNINITIALIZED_AUTOS = YES_AGGRESSIVE;
				GCC_WARN_UNUSED_FUNCTION = YES;
				GCC_WARN_UNUSED_VARIABLE = YES;
				MACOSX_DEPLOYMENT_TARGET = 10.10;
				MTL_ENABLE_DEBUG_INFO = NO;
				SDKROOT = macosx;
			};
			name = Release;
		};
		3D32DBC41D867E4A00FAC82C /* Debug */ = {
			isa = XCBuildConfiguration;
			buildSettings = {
				PRODUCT_NAME = "$(TARGET_NAME)";
			};
			name = Debug;
		};
		3D32DBC51D867E4A00FAC82C /* Release */ = {
			isa = XCBuildConfiguration;
			buildSettings = {
				PRODUCT_NAME = "$(TARGET_NAME)";
			};
			name = Release;
		};
/* End XCBuildConfiguration section */

/* Begin XCConfigurationList section */
		3D32DBB71D867E4A00FAC82C /* Build configuration list for PBXProject "cycle_queue" */ = {
			isa = XCConfigurationList;
			buildConfigurations = (
				3D32DBC11D867E4A00FAC82C /* Debug */,
				3D32DBC21D867E4A00FAC82C /* Release */,
			);
			defaultConfigurationIsVisible = 0;
			defaultConfigurationName = Release;
		};
		3D32DBC31D867E4A00FAC82C /* Build configuration list for PBXNativeTarget "cycle_queue" */ = {
			isa = XCConfigurationList;
			buildConfigurations = (
				3D32DBC41D867E4A00FAC82C /* Debug */,
				3D32DBC51D867E4A00FAC82C /* Release */,
			);
			defaultConfigurationIsVisible = 0;
		};
/* End XCConfigurationList section */
	};
	rootObject = 3D32DBB41D867E4A00FAC82C /* Project object */;
}
