// !$*UTF8*$!
{
	archiveVersion = 1;
	classes = {
	};
	objectVersion = 46;
	objects = {

/* Begin PBXBuildFile section */
		3D32DBA71D86753100FAC82C /* main.c in Sources */ = {isa = PBXBuildFile; fileRef = 3D32DBA61D86753100FAC82C /* main.c */; };
		3D32DBAF1D86754900FAC82C /* double_list.c in Sources */ = {isa = PBXBuildFile; fileRef = 3D32DBAD1D86754900FAC82C /* double_list.c */; };
		3D32DBB21D86755500FAC82C /* double_queue.c in Sources */ = {isa = PBXBuildFile; fileRef = 3D32DBB01D86755500FAC82C /* double_queue.c */; };
/* End PBXBuildFile section */

/* Begin PBXCopyFilesBuildPhase section */
		3D32DBA11D86753100FAC82C /* CopyFiles */ = {
			isa = PBXCopyFilesBuildPhase;
			buildActionMask = 2147483647;
			dstPath = /usr/share/man/man1/;
			dstSubfolderSpec = 0;
			files = (
			);
			runOnlyForDeploymentPostprocessing = 1;
		};
/* End PBXCopyFilesBuildPhase section */

/* Begin PBXFileReference section */
		3D32DBA31D86753100FAC82C /* double_queue */ = {isa = PBXFileReference; explicitFileType = "compiled.mach-o.executable"; includeInIndex = 0; path = double_queue; sourceTree = BUILT_PRODUCTS_DIR; };
		3D32DBA61D86753100FAC82C /* main.c */ = {isa = PBXFileReference; lastKnownFileType = sourcecode.c.c; path = main.c; sourceTree = "<group>"; };
		3D32DBAD1D86754900FAC82C /* double_list.c */ = {isa = PBXFileReference; fileEncoding = 4; lastKnownFileType = sourcecode.c.c; path = double_list.c; sourceTree = "<group>"; };
		3D32DBAE1D86754900FAC82C /* double_list.h */ = {isa = PBXFileReference; fileEncoding = 4; lastKnownFileType = sourcecode.c.h; path = double_list.h; sourceTree = "<group>"; };
		3D32DBB01D86755500FAC82C /* double_queue.c */ = {isa = PBXFileReference; fileEncoding = 4; lastKnownFileType = sourcecode.c.c; path = double_queue.c; sourceTree = "<group>"; };
		3D32DBB11D86755500FAC82C /* double_queue.h */ = {isa = PBXFileReference; fileEncoding = 4; lastKnownFileType = sourcecode.c.h; path = double_queue.h; sourceTree = "<group>"; };
/* End PBXFileReference section */

/* Begin PBXFrameworksBuildPhase section */
		3D32DBA01D86753100FAC82C /* Frameworks */ = {
			isa = PBXFrameworksBuildPhase;
			buildActionMask = 2147483647;
			files = (
			);
			runOnlyForDeploymentPostprocessing = 0;
		};
/* End PBXFrameworksBuildPhase section */

/* Begin PBXGroup section */
		3D32DB9A1D86753100FAC82C = {
			isa = PBXGroup;
			children = (
				3D32DBA51D86753100FAC82C /* double_queue */,
				3D32DBA41D86753100FAC82C /* Products */,
			);
			sourceTree = "<group>";
		};
		3D32DBA41D86753100FAC82C /* Products */ = {
			isa = PBXGroup;
			children = (
				3D32DBA31D86753100FAC82C /* double_queue */,
			);
			name = Products;
			sourceTree = "<group>";
		};
		3D32DBA51D86753100FAC82C /* double_queue */ = {
			isa = PBXGroup;
			children = (
				3D32DBA61D86753100FAC82C /* main.c */,
				3D32DBAD1D86754900FAC82C /* double_list.c */,
				3D32DBAE1D86754900FAC82C /* double_list.h */,
				3D32DBB11D86755500FAC82C /* double_queue.h */,
				3D32DBB01D86755500FAC82C /* double_queue.c */,
			);
			path = double_queue;
			sourceTree = "<group>";
		};
/* End PBXGroup section */

/* Begin PBXNativeTarget section */
		3D32DBA21D86753100FAC82C /* double_queue */ = {
			isa = PBXNativeTarget;
			buildConfigurationList = 3D32DBAA1D86753100FAC82C /* Build configuration list for PBXNativeTarget "double_queue" */;
			buildPhases = (
				3D32DB9F1D86753100FAC82C /* Sources */,
				3D32DBA01D86753100FAC82C /* Frameworks */,
				3D32DBA11D86753100FAC82C /* CopyFiles */,
			);
			buildRules = (
			);
			dependencies = (
			);
			name = double_queue;
			productName = double_queue;
			productReference = 3D32DBA31D86753100FAC82C /* double_queue */;
			productType = "com.apple.product-type.tool";
		};
/* End PBXNativeTarget section */

/* Begin PBXProject section */
		3D32DB9B1D86753100FAC82C /* Project object */ = {
			isa = PBXProject;
			attributes = {
				LastUpgradeCheck = 0640;
				ORGANIZATIONNAME = bikang;
				TargetAttributes = {
					3D32DBA21D86753100FAC82C = {
						CreatedOnToolsVersion = 6.4;
					};
				};
			};
			buildConfigurationList = 3D32DB9E1D86753100FAC82C /* Build configuration list for PBXProject "double_queue" */;
			compatibilityVersion = "Xcode 3.2";
			developmentRegion = English;
			hasScannedForEncodings = 0;
			knownRegions = (
				en,
			);
			mainGroup = 3D32DB9A1D86753100FAC82C;
			productRefGroup = 3D32DBA41D86753100FAC82C /* Products */;
			projectDirPath = "";
			projectRoot = "";
			targets = (
				3D32DBA21D86753100FAC82C /* double_queue */,
			);
		};
/* End PBXProject section */

/* Begin PBXSourcesBuildPhase section */
		3D32DB9F1D86753100FAC82C /* Sources */ = {
			isa = PBXSourcesBuildPhase;
			buildActionMask = 2147483647;
			files = (
				3D32DBAF1D86754900FAC82C /* double_list.c in Sources */,
				3D32DBB21D86755500FAC82C /* double_queue.c in Sources */,
				3D32DBA71D86753100FAC82C /* main.c in Sources */,
			);
			runOnlyForDeploymentPostprocessing = 0;
		};
/* End PBXSourcesBuildPhase section */

/* Begin XCBuildConfiguration section */
		3D32DBA81D86753100FAC82C /* Debug */ = {
			isa = XCBuildConfiguration;
			buildSettings = {
				ALWAYS_SEARCH_USER_PATHS = NO;
				CLANG_CXX_LANGUAGE_STANDARD = "gnu++0x";
				CLANG_CXX_LIBRARY = "libc++";
				CLANG_ENABLE_MODULES = YES;
				CLANG_ENABLE_OBJC_ARC = YES;
				CLANG_WARN_BOOL_CONVERSION = YES;
				CLANG_WARN_CONSTANT_CONVERSION = YES;
				CLANG_WARN_DIRECT_OBJC_ISA_USAGE = YES_ERROR;
				CLANG_WARN_EMPTY_BODY = YES;
				CLANG_WARN_ENUM_CONVERSION = YES;
				CLANG_WARN_INT_CONVERSION = YES;
				CLANG_WARN_OBJC_ROOT_CLASS = YES_ERROR;
				CLANG_WARN_UNREACHABLE_CODE = YES;
				CLANG_WARN__DUPLICATE_METHOD_MATCH = YES;
				COPY_PHASE_STRIP = NO;
				DEBUG_INFORMATION_FORMAT = dwarf;
				ENABLE_STRICT_OBJC_MSGSEND = YES;
				GCC_C_LANGUAGE_STANDARD = gnu99;
				GCC_DYNAMIC_NO_PIC = NO;
				GCC_NO_COMMON_BLOCKS = YES;
				GCC_OPTIMIZATION_LEVEL = 0;
				GCC_PREPROCESSOR_DEFINITIONS = (
					"DEBUG=1",
					"$(inherited)",
				);
				GCC_SYMBOLS_PRIVATE_EXTERN = NO;
				GCC_WARN_64_TO_32_BIT_CONVERSION = YES;
				GCC_WARN_ABOUT_RETURN_TYPE = YES_ERROR;
				GCC_WARN_UNDECLARED_SELECTOR = YES;
				GCC_WARN_UNINITIALIZED_AUTOS = YES_AGGRESSIVE;
				GCC_WARN_UNUSED_FUNCTION = YES;
				GCC_WARN_UNUSED_VARIABLE = YES;
				MACOSX_DEPLOYMENT_TARGET = 10.10;
				MTL_ENABLE_DEBUG_INFO = YES;
				ONLY_ACTIVE_ARCH = YES;
				SDKROOT = macosx;
			};
			name = Debug;
		};
		3D32DBA91D86753100FAC82C /* Release */ = {
			isa = XCBuildConfiguration;
			buildSettings = {
				ALWAYS_SEARCH_USER_PATHS = NO;
				CLANG_CXX_LANGUAGE_STANDARD = "gnu++0x";
				CLANG_CXX_LIBRARY = "libc++";
				CLANG_ENABLE_MODULES = YES;
				CLANG_ENABLE_OBJC_ARC = YES;
				CLANG_WARN_BOOL_CONVERSION = YES;
				CLANG_WARN_CONSTANT_CONVERSION = YES;
				CLANG_WARN_DIRECT_OBJC_ISA_USAGE = YES_ERROR;
				CLANG_WARN_EMPTY_BODY = YES;
				CLANG_WARN_ENUM_CONVERSION = YES;
				CLANG_WARN_INT_CONVERSION = YES;
				CLANG_WARN_OBJC_ROOT_CLASS = YES_ERROR;
				CLANG_WARN_UNREACHABLE_CODE = YES;
				CLANG_WARN__DUPLICATE_METHOD_MATCH = YES;
				COPY_PHASE_STRIP = NO;
				DEBUG_INFORMATION_FORMAT = "dwarf-with-dsym";
				ENABLE_NS_ASSERTIONS = NO;
				ENABLE_STRICT_OBJC_MSGSEND = YES;
				GCC_C_LANGUAGE_STANDARD = gnu99;
				GCC_NO_COMMON_BLOCKS = YES;
				GCC_WARN_64_TO_32_BIT_CONVERSION = YES;
				GCC_WARN_ABOUT_RETURN_TYPE = YES_ERROR;
				GCC_WARN_UNDECLARED_SELECTOR = YES;
				GCC_WARN_UNINITIALIZED_AUTOS = YES_AGGRESSIVE;
				GCC_WARN_UNUSED_FUNCTION = YES;
				GCC_WARN_UNUSED_VARIABLE = YES;
				MACOSX_DEPLOYMENT_TARGET = 10.10;
				MTL_ENABLE_DEBUG_INFO = NO;
				SDKROOT = macosx;
			};
			name = Release;
		};
		3D32DBAB1D86753100FAC82C /* Debug */ = {
			isa = XCBuildConfiguration;
			buildSettings = {
				PRODUCT_NAME = "$(TARGET_NAME)";
			};
			name = Debug;
		};
		3D32DBAC1D86753100FAC82C /* Release */ = {
			isa = XCBuildConfiguration;
			buildSettings = {
				PRODUCT_NAME = "$(TARGET_NAME)";
			};
			name = Release;
		};
/* End XCBuildConfiguration section */

/* Begin XCConfigurationList section */
		3D32DB9E1D86753100FAC82C /* Build configuration list for PBXProject "double_queue" */ = {
			isa = XCConfigurationList;
			buildConfigurations = (
				3D32DBA81D86753100FAC82C /* Debug */,
				3D32DBA91D86753100FAC82C /* Release */,
			);
			defaultConfigurationIsVisible = 0;
			defaultConfigurationName = Release;
		};
		3D32DBAA1D86753100FAC82C /* Build configuration list for PBXNativeTarget "double_queue" */ = {
			isa = XCConfigurationList;
			buildConfigurations = (
				3D32DBAB1D86753100FAC82C /* Debug */,
				3D32DBAC1D86753100FAC82C /* Release */,
			);
			defaultConfigurationIsVisible = 0;
		};
/* End XCConfigurationList section */
	};
	rootObject = 3D32DB9B1D86753100FAC82C /* Project object */;
}
